
Microsoft Visual Studio Solution File, Format Version 12.00
# Visual Studio 14
VisualStudioVersion = 14.0.25420.1
MinimumVisualStudioVersion = 10.0.40219.1
Project("{FAE04EC0-301F-11D3-BF4B-00C04F79EFBC}") = "Zipkin4Owin", "Zipkin4Owin.csproj", "{BDC1722C-F347-448E-8E36-786BAAEC326B}"
EndProject
Global
	GlobalSection(SolutionConfigurationPlatforms) = preSolution
		Debug|Any CPU = Debug|Any CPU
		Release|Any CPU = Release|Any CPU
	EndGlobalSection
	GlobalSection(ProjectConfigurationPlatforms) = postSolution
		{BDC1722C-F347-448E-8E36-786BAAEC326B}.Debug|Any CPU.ActiveCfg = Debug|Any CPU
		{BDC1722C-F347-448E-8E36-786BAAEC326B}.Debug|Any CPU.Build.0 = Debug|Any CPU
		{BDC1722C-F347-448E-8E36-786BAAEC326B}.Release|Any CPU.ActiveCfg = Release|Any CPU
		{BDC1722C-F347-448E-8E36-786BAAEC326B}.Release|Any CPU.Build.0 = Release|Any CPU
	EndGlobalSection
	GlobalSection(SolutionProperties) = preSolution
		HideSolutionNode = FALSE
	EndGlobalSection
EndGlobal
